
Microsoft Visual Studio Solution File, Format Version 12.00
Project("{FAE04EC0-301F-11D3-BF4B-00C04F79EFBC}") = "CitySkylineModTemplate", "CitySkylineModTemplate\CitySkylineModTemplate.csproj", "{A60B251B-0E54-46F6-98C3-422C94303C8A}"
EndProject
Global
	GlobalSection(SolutionConfigurationPlatforms) = preSolution
		Debug|Any CPU = Debug|Any CPU
		Release|Any CPU = Release|Any CPU
	EndGlobalSection
	GlobalSection(ProjectConfigurationPlatforms) = postSolution
		{A60B251B-0E54-46F6-98C3-422C94303C8A}.Debug|Any CPU.ActiveCfg = Debug|Any CPU
		{A60B251B-0E54-46F6-98C3-422C94303C8A}.Debug|Any CPU.Build.0 = Debug|Any CPU
		{A60B251B-0E54-46F6-98C3-422C94303C8A}.Release|Any CPU.ActiveCfg = Release|Any CPU
		{A60B251B-0E54-46F6-98C3-422C94303C8A}.Release|Any CPU.Build.0 = Release|Any CPU
	EndGlobalSection
EndGlobal
